
Microsoft Visual Studio Solution File, Format Version 12.00
# Visual Studio Version 16
VisualStudioVersion = 16.0.31112.23
MinimumVisualStudioVersion = 10.0.40219.1
Project("{9A19103F-16F7-4668-BE54-9A1E7A4F7556}") = "GoogleReCaptcha.Examples.Mvc", "examples\GoogleReCaptcha.Examples.Mvc\GoogleReCaptcha.Examples.Mvc.csproj", "{13A9EAF9-49DC-4A55-989F-FC6C570175F6}"
EndProject
Project("{9A19103F-16F7-4668-BE54-9A1E7A4F7556}") = "GoogleReCaptcha.Core", "src\GoogleReCaptcha.Core\GoogleReCaptcha.Core.csproj", "{18F79A6C-A54D-4485-8467-149E71BAE8A9}"
EndProject
Global
	GlobalSection(SolutionConfigurationPlatforms) = preSolution
		Debug|Any CPU = Debug|Any CPU
		Release|Any CPU = Release|Any CPU
	EndGlobalSection
	GlobalSection(ProjectConfigurationPlatforms) = postSolution
		{13A9EAF9-49DC-4A55-989F-FC6C570175F6}.Debug|Any CPU.ActiveCfg = Debug|Any CPU
		{13A9EAF9-49DC-4A55-989F-FC6C570175F6}.Debug|Any CPU.Build.0 = Debug|Any CPU
		{13A9EAF9-49DC-4A55-989F-FC6C570175F6}.Release|Any CPU.ActiveCfg = Release|Any CPU
		{13A9EAF9-49DC-4A55-989F-FC6C570175F6}.Release|Any CPU.Build.0 = Release|Any CPU
		{18F79A6C-A54D-4485-8467-149E71BAE8A9}.Debug|Any CPU.ActiveCfg = Debug|Any CPU
		{18F79A6C-A54D-4485-8467-149E71BAE8A9}.Debug|Any CPU.Build.0 = Debug|Any CPU
		{18F79A6C-A54D-4485-8467-149E71BAE8A9}.Release|Any CPU.ActiveCfg = Release|Any CPU
		{18F79A6C-A54D-4485-8467-149E71BAE8A9}.Release|Any CPU.Build.0 = Release|Any CPU
	EndGlobalSection
	GlobalSection(SolutionProperties) = preSolution
		HideSolutionNode = FALSE
	EndGlobalSection
	GlobalSection(ExtensibilityGlobals) = postSolution
		SolutionGuid = {03692B73-7A79-4C4C-AADA-2980122AF3AA}
	EndGlobalSection
EndGlobal
